{
  "name": "custom-react",
  "version": "0.0.1",
  "lockfileVersion": 2,
  "requires": true,
  "packages": {
    "": {
      "name": "custom-react",
      "version": "0.0.1",
      "license": "MIT",
      "dependencies": {
        "custom-react": "file:"
      }
    },
    "node_modules/custom-react": {
      "resolved": "",
      "link": true
    }
  },
  "dependencies": {
    "custom-react": {
      "version": "file:",
      "requires": {
        "custom-react": "file:"
      }
    }
  }
}
